
Microsoft Visual Studio Solution File, Format Version 12.00
# Visual Studio Version 17
VisualStudioVersion = 17.2.32516.85
MinimumVisualStudioVersion = 10.0.40219.1
Project("{FAE04EC0-301F-11D3-BF4B-00C04F79EFBC}") = "SLab.Net", "SLab.Net.csproj", "{CCED8F16-896B-4DA7-B4B9-B1E781C6E709}"
EndProject
Global
	GlobalSection(SolutionConfigurationPlatforms) = preSolution
		Debug|Any CPU = Debug|Any CPU
		Release|Any CPU = Release|Any CPU
	EndGlobalSection
	GlobalSection(ProjectConfigurationPlatforms) = postSolution
		{CCED8F16-896B-4DA7-B4B9-B1E781C6E709}.Debug|Any CPU.ActiveCfg = Debug|Any CPU
		{CCED8F16-896B-4DA7-B4B9-B1E781C6E709}.Debug|Any CPU.Build.0 = Debug|Any CPU
		{CCED8F16-896B-4DA7-B4B9-B1E781C6E709}.Release|Any CPU.ActiveCfg = Release|Any CPU
		{CCED8F16-896B-4DA7-B4B9-B1E781C6E709}.Release|Any CPU.Build.0 = Release|Any CPU
	EndGlobalSection
	GlobalSection(SolutionProperties) = preSolution
		HideSolutionNode = FALSE
	EndGlobalSection
	GlobalSection(ExtensibilityGlobals) = postSolution
		SolutionGuid = {ED62185B-3AA6-4681-B398-0303CB6801CB}
	EndGlobalSection
EndGlobal
